
Microsoft Visual Studio Solution File, Format Version 12.00
# Visual Studio 2012
Project("{FAE04EC0-301F-11D3-BF4B-00C04F79EFBC}") = "Codice morse", "Codice morse\Codice morse.csproj", "{A6A71B90-21E9-4A31-8409-9CFAE60B0965}"
EndProject
Global
	GlobalSection(SolutionConfigurationPlatforms) = preSolution
		Debug|Any CPU = Debug|Any CPU
		Release|Any CPU = Release|Any CPU
	EndGlobalSection
	GlobalSection(ProjectConfigurationPlatforms) = postSolution
		{A6A71B90-21E9-4A31-8409-9CFAE60B0965}.Debug|Any CPU.ActiveCfg = Debug|Any CPU
		{A6A71B90-21E9-4A31-8409-9CFAE60B0965}.Debug|Any CPU.Build.0 = Debug|Any CPU
		{A6A71B90-21E9-4A31-8409-9CFAE60B0965}.Release|Any CPU.ActiveCfg = Release|Any CPU
		{A6A71B90-21E9-4A31-8409-9CFAE60B0965}.Release|Any CPU.Build.0 = Release|Any CPU
	EndGlobalSection
	GlobalSection(SolutionProperties) = preSolution
		HideSolutionNode = FALSE
	EndGlobalSection
EndGlobal
