
Microsoft Visual Studio Solution File, Format Version 12.00
# Visual Studio 2012
Project("{FAE04EC0-301F-11D3-BF4B-00C04F79EFBC}") = "Recupero", "Recupero\Recupero.csproj", "{C5F2B7E4-005A-4ADD-AA09-80C1B2B68560}"
EndProject
Global
	GlobalSection(SolutionConfigurationPlatforms) = preSolution
		Debug|Any CPU = Debug|Any CPU
		Release|Any CPU = Release|Any CPU
	EndGlobalSection
	GlobalSection(ProjectConfigurationPlatforms) = postSolution
		{C5F2B7E4-005A-4ADD-AA09-80C1B2B68560}.Debug|Any CPU.ActiveCfg = Debug|Any CPU
		{C5F2B7E4-005A-4ADD-AA09-80C1B2B68560}.Debug|Any CPU.Build.0 = Debug|Any CPU
		{C5F2B7E4-005A-4ADD-AA09-80C1B2B68560}.Release|Any CPU.ActiveCfg = Release|Any CPU
		{C5F2B7E4-005A-4ADD-AA09-80C1B2B68560}.Release|Any CPU.Build.0 = Release|Any CPU
	EndGlobalSection
	GlobalSection(SolutionProperties) = preSolution
		HideSolutionNode = FALSE
	EndGlobalSection
EndGlobal
