
Microsoft Visual Studio Solution File, Format Version 12.00
# Visual Studio 2012
Project("{FAE04EC0-301F-11D3-BF4B-00C04F79EFBC}") = "Piazze", "Piazze\Piazze.csproj", "{5869072E-3784-48F8-8168-78964C4634CC}"
EndProject
Global
	GlobalSection(SolutionConfigurationPlatforms) = preSolution
		Debug|Any CPU = Debug|Any CPU
		Release|Any CPU = Release|Any CPU
	EndGlobalSection
	GlobalSection(ProjectConfigurationPlatforms) = postSolution
		{5869072E-3784-48F8-8168-78964C4634CC}.Debug|Any CPU.ActiveCfg = Debug|Any CPU
		{5869072E-3784-48F8-8168-78964C4634CC}.Debug|Any CPU.Build.0 = Debug|Any CPU
		{5869072E-3784-48F8-8168-78964C4634CC}.Release|Any CPU.ActiveCfg = Release|Any CPU
		{5869072E-3784-48F8-8168-78964C4634CC}.Release|Any CPU.Build.0 = Release|Any CPU
	EndGlobalSection
	GlobalSection(SolutionProperties) = preSolution
		HideSolutionNode = FALSE
	EndGlobalSection
EndGlobal
