
Microsoft Visual Studio Solution File, Format Version 12.00
# Visual Studio 2012
Project("{FAE04EC0-301F-11D3-BF4B-00C04F79EFBC}") = "Voti", "Voti\Voti.csproj", "{7BFAA14D-032C-4B87-8603-583D12DA1753}"
EndProject
Global
	GlobalSection(SolutionConfigurationPlatforms) = preSolution
		Debug|Any CPU = Debug|Any CPU
		Release|Any CPU = Release|Any CPU
	EndGlobalSection
	GlobalSection(ProjectConfigurationPlatforms) = postSolution
		{7BFAA14D-032C-4B87-8603-583D12DA1753}.Debug|Any CPU.ActiveCfg = Debug|Any CPU
		{7BFAA14D-032C-4B87-8603-583D12DA1753}.Debug|Any CPU.Build.0 = Debug|Any CPU
		{7BFAA14D-032C-4B87-8603-583D12DA1753}.Release|Any CPU.ActiveCfg = Release|Any CPU
		{7BFAA14D-032C-4B87-8603-583D12DA1753}.Release|Any CPU.Build.0 = Release|Any CPU
	EndGlobalSection
	GlobalSection(SolutionProperties) = preSolution
		HideSolutionNode = FALSE
	EndGlobalSection
EndGlobal
