
Microsoft Visual Studio Solution File, Format Version 12.00
# Visual Studio 2012
Project("{FAE04EC0-301F-11D3-BF4B-00C04F79EFBC}") = "Monetizzatrice", "Monetizzatrice\Monetizzatrice.csproj", "{AAEDC46B-FFCC-4466-973F-2BA3E2B7FBBE}"
EndProject
Global
	GlobalSection(SolutionConfigurationPlatforms) = preSolution
		Debug|Any CPU = Debug|Any CPU
		Release|Any CPU = Release|Any CPU
	EndGlobalSection
	GlobalSection(ProjectConfigurationPlatforms) = postSolution
		{AAEDC46B-FFCC-4466-973F-2BA3E2B7FBBE}.Debug|Any CPU.ActiveCfg = Debug|Any CPU
		{AAEDC46B-FFCC-4466-973F-2BA3E2B7FBBE}.Debug|Any CPU.Build.0 = Debug|Any CPU
		{AAEDC46B-FFCC-4466-973F-2BA3E2B7FBBE}.Release|Any CPU.ActiveCfg = Release|Any CPU
		{AAEDC46B-FFCC-4466-973F-2BA3E2B7FBBE}.Release|Any CPU.Build.0 = Release|Any CPU
	EndGlobalSection
	GlobalSection(SolutionProperties) = preSolution
		HideSolutionNode = FALSE
	EndGlobalSection
EndGlobal
