
Microsoft Visual Studio Solution File, Format Version 12.00
# Visual Studio 2012
Project("{FAE04EC0-301F-11D3-BF4B-00C04F79EFBC}") = "Eercizio 2", "Eercizio 2\Eercizio 2.csproj", "{18FF32A8-563D-49EE-86BD-9CBC4F704F84}"
EndProject
Global
	GlobalSection(SolutionConfigurationPlatforms) = preSolution
		Debug|Any CPU = Debug|Any CPU
		Release|Any CPU = Release|Any CPU
	EndGlobalSection
	GlobalSection(ProjectConfigurationPlatforms) = postSolution
		{18FF32A8-563D-49EE-86BD-9CBC4F704F84}.Debug|Any CPU.ActiveCfg = Debug|Any CPU
		{18FF32A8-563D-49EE-86BD-9CBC4F704F84}.Debug|Any CPU.Build.0 = Debug|Any CPU
		{18FF32A8-563D-49EE-86BD-9CBC4F704F84}.Release|Any CPU.ActiveCfg = Release|Any CPU
		{18FF32A8-563D-49EE-86BD-9CBC4F704F84}.Release|Any CPU.Build.0 = Release|Any CPU
	EndGlobalSection
	GlobalSection(SolutionProperties) = preSolution
		HideSolutionNode = FALSE
	EndGlobalSection
EndGlobal
