
Microsoft Visual Studio Solution File, Format Version 12.00
# Visual Studio 2012
Project("{FAE04EC0-301F-11D3-BF4B-00C04F79EFBC}") = "Fermate Bus", "Fermate Bus\Fermate Bus.csproj", "{3FE3254A-1754-4E33-9F5D-9F06B85EF908}"
EndProject
Global
	GlobalSection(SolutionConfigurationPlatforms) = preSolution
		Debug|Any CPU = Debug|Any CPU
		Release|Any CPU = Release|Any CPU
	EndGlobalSection
	GlobalSection(ProjectConfigurationPlatforms) = postSolution
		{3FE3254A-1754-4E33-9F5D-9F06B85EF908}.Debug|Any CPU.ActiveCfg = Debug|Any CPU
		{3FE3254A-1754-4E33-9F5D-9F06B85EF908}.Debug|Any CPU.Build.0 = Debug|Any CPU
		{3FE3254A-1754-4E33-9F5D-9F06B85EF908}.Release|Any CPU.ActiveCfg = Release|Any CPU
		{3FE3254A-1754-4E33-9F5D-9F06B85EF908}.Release|Any CPU.Build.0 = Release|Any CPU
	EndGlobalSection
	GlobalSection(SolutionProperties) = preSolution
		HideSolutionNode = FALSE
	EndGlobalSection
EndGlobal
