
Microsoft Visual Studio Solution File, Format Version 12.00
# Visual Studio 15
VisualStudioVersion = 15.0.27130.0
MinimumVisualStudioVersion = 10.0.40219.1
Project("{FAE04EC0-301F-11D3-BF4B-00C04F79EFBC}") = "DNS_tcpServer", "DNS_tcpServer\DNS_tcpServer.csproj", "{1D3DEBC2-9229-41BB-9F21-7DBE8A857EEB}"
EndProject
Global
	GlobalSection(SolutionConfigurationPlatforms) = preSolution
		Debug|Any CPU = Debug|Any CPU
		Release|Any CPU = Release|Any CPU
	EndGlobalSection
	GlobalSection(ProjectConfigurationPlatforms) = postSolution
		{1D3DEBC2-9229-41BB-9F21-7DBE8A857EEB}.Debug|Any CPU.ActiveCfg = Debug|Any CPU
		{1D3DEBC2-9229-41BB-9F21-7DBE8A857EEB}.Debug|Any CPU.Build.0 = Debug|Any CPU
		{1D3DEBC2-9229-41BB-9F21-7DBE8A857EEB}.Release|Any CPU.ActiveCfg = Release|Any CPU
		{1D3DEBC2-9229-41BB-9F21-7DBE8A857EEB}.Release|Any CPU.Build.0 = Release|Any CPU
	EndGlobalSection
	GlobalSection(SolutionProperties) = preSolution
		HideSolutionNode = FALSE
	EndGlobalSection
	GlobalSection(ExtensibilityGlobals) = postSolution
		SolutionGuid = {12686084-113D-4081-AC90-1BCA7AA41522}
	EndGlobalSection
EndGlobal
