
Microsoft Visual Studio Solution File, Format Version 12.00
# Visual Studio 2012
Project("{FAE04EC0-301F-11D3-BF4B-00C04F79EFBC}") = "Validatore Email", "Validatore Email\Validatore Email.csproj", "{6E9D35AD-8325-4803-95D6-202CA354545B}"
EndProject
Global
	GlobalSection(SolutionConfigurationPlatforms) = preSolution
		Debug|Any CPU = Debug|Any CPU
		Release|Any CPU = Release|Any CPU
	EndGlobalSection
	GlobalSection(ProjectConfigurationPlatforms) = postSolution
		{6E9D35AD-8325-4803-95D6-202CA354545B}.Debug|Any CPU.ActiveCfg = Debug|Any CPU
		{6E9D35AD-8325-4803-95D6-202CA354545B}.Debug|Any CPU.Build.0 = Debug|Any CPU
		{6E9D35AD-8325-4803-95D6-202CA354545B}.Release|Any CPU.ActiveCfg = Release|Any CPU
		{6E9D35AD-8325-4803-95D6-202CA354545B}.Release|Any CPU.Build.0 = Release|Any CPU
	EndGlobalSection
	GlobalSection(SolutionProperties) = preSolution
		HideSolutionNode = FALSE
	EndGlobalSection
EndGlobal
